
Microsoft Visual Studio Solution File, Format Version 12.00
# Visual Studio Version 16
VisualStudioVersion = 16.0.29613.14
MinimumVisualStudioVersion = 10.0.40219.1
Project("{FAE04EC0-301F-11D3-BF4B-00C04F79EFBC}") = "MM Logo", "MM Logo\MM Logo.csproj", "{EF137737-49EC-48DE-85AC-06B0FA808020}"
EndProject
Global
	GlobalSection(SolutionConfigurationPlatforms) = preSolution
		Debug|Any CPU = Debug|Any CPU
		Release|Any CPU = Release|Any CPU
	EndGlobalSection
	GlobalSection(ProjectConfigurationPlatforms) = postSolution
		{EF137737-49EC-48DE-85AC-06B0FA808020}.Debug|Any CPU.ActiveCfg = Debug|Any CPU
		{EF137737-49EC-48DE-85AC-06B0FA808020}.Debug|Any CPU.Build.0 = Debug|Any CPU
		{EF137737-49EC-48DE-85AC-06B0FA808020}.Release|Any CPU.ActiveCfg = Release|Any CPU
		{EF137737-49EC-48DE-85AC-06B0FA808020}.Release|Any CPU.Build.0 = Release|Any CPU
	EndGlobalSection
	GlobalSection(SolutionProperties) = preSolution
		HideSolutionNode = FALSE
	EndGlobalSection
	GlobalSection(ExtensibilityGlobals) = postSolution
		SolutionGuid = {A9AF42A4-ED43-4330-BAE4-788049D772C5}
	EndGlobalSection
EndGlobal
